# This file is generated by running "yarn install" inside your project.
# Manual changes might be lost - proceed with caution!

__metadata:
  version: 6
  cacheKey: 8

"@mgit-at/typescript-flatbuffers-codegen@npm:^0.1.3":
  version: 0.1.3
  resolution: "@mgit-at/typescript-flatbuffers-codegen@npm:0.1.3"
  dependencies:
    deep-equal: ^2.0.5
    ebnf: ^1.9.0
    ebnf-parser: ^0.1.10
    execa: ^4.0.0
    flatbuffers: ^1.12.0
    pegjs: ^0.10.0
    ts-node: ^9.1.1
    typescript: ^4.1.5
    yargs: ^16.2.0
  bin:
    flattsc: dist/bin/flattsc.js
  checksum: 1c8d212665db349931e8c05f090f189f92d7a088a87d67c1ca0e721788561ad265ba5e9d6cbb0b4339ef6ea6e685faf9d53083fba9d79420ea14b4b38cb75618
  languageName: node
  linkType: hard

"ansi-regex@npm:^5.0.1":
  version: 5.0.1
  resolution: "ansi-regex@npm:5.0.1"
  checksum: 2aa4bb54caf2d622f1afdad09441695af2a83aa3fe8b8afa581d205e57ed4261c183c4d3877cee25794443fde5876417d859c108078ab788d6af7e4fe52eb66b
  languageName: node
  linkType: hard

"ansi-styles@npm:^4.0.0":
  version: 4.3.0
  resolution: "ansi-styles@npm:4.3.0"
  dependencies:
    color-convert: ^2.0.1
  checksum: 513b44c3b2105dd14cc42a19271e80f386466c4be574bccf60b627432f9198571ebf4ab1e4c3ba17347658f4ee1711c163d574248c0c1cdc2d5917a0ad582ec4
  languageName: node
  linkType: hard

"arg@npm:^4.1.0":
  version: 4.1.3
  resolution: "arg@npm:4.1.3"
  checksum: 544af8dd3f60546d3e4aff084d451b96961d2267d668670199692f8d054f0415d86fc5497d0e641e91546f0aa920e7c29e5250e99fc89f5552a34b5d93b77f43
  languageName: node
  linkType: hard

"available-typed-arrays@npm:^1.0.5":
  version: 1.0.5
  resolution: "available-typed-arrays@npm:1.0.5"
  checksum: 20eb47b3cefd7db027b9bbb993c658abd36d4edd3fe1060e83699a03ee275b0c9b216cc076ff3f2db29073225fb70e7613987af14269ac1fe2a19803ccc97f1a
  languageName: node
  linkType: hard

"buffer-from@npm:^1.0.0":
  version: 1.1.2
  resolution: "buffer-from@npm:1.1.2"
  checksum: 0448524a562b37d4d7ed9efd91685a5b77a50672c556ea254ac9a6d30e3403a517d8981f10e565db24e8339413b43c97ca2951f10e399c6125a0d8911f5679bb
  languageName: node
  linkType: hard

"call-bind@npm:^1.0.0, call-bind@npm:^1.0.2":
  version: 1.0.2
  resolution: "call-bind@npm:1.0.2"
  dependencies:
    function-bind: ^1.1.1
    get-intrinsic: ^1.0.2
  checksum: f8e31de9d19988a4b80f3e704788c4a2d6b6f3d17cfec4f57dc29ced450c53a49270dc66bf0fbd693329ee948dd33e6c90a329519aef17474a4d961e8d6426b0
  languageName: node
  linkType: hard

"cliui@npm:^7.0.2":
  version: 7.0.4
  resolution: "cliui@npm:7.0.4"
  dependencies:
    string-width: ^4.2.0
    strip-ansi: ^6.0.0
    wrap-ansi: ^7.0.0
  checksum: ce2e8f578a4813806788ac399b9e866297740eecd4ad1823c27fd344d78b22c5f8597d548adbcc46f0573e43e21e751f39446c5a5e804a12aace402b7a315d7f
  languageName: node
  linkType: hard

"color-convert@npm:^2.0.1":
  version: 2.0.1
  resolution: "color-convert@npm:2.0.1"
  dependencies:
    color-name: ~1.1.4
  checksum: 79e6bdb9fd479a205c71d89574fccfb22bd9053bd98c6c4d870d65c132e5e904e6034978e55b43d69fcaa7433af2016ee203ce76eeba9cfa554b373e7f7db336
  languageName: node
  linkType: hard

"color-name@npm:~1.1.4":
  version: 1.1.4
  resolution: "color-name@npm:1.1.4"
  checksum: b0445859521eb4021cd0fb0cc1a75cecf67fceecae89b63f62b201cca8d345baf8b952c966862a9d9a2632987d4f6581f0ec8d957dfacece86f0a7919316f610
  languageName: node
  linkType: hard

"create-require@npm:^1.1.0":
  version: 1.1.1
  resolution: "create-require@npm:1.1.1"
  checksum: a9a1503d4390d8b59ad86f4607de7870b39cad43d929813599a23714831e81c520bddf61bcdd1f8e30f05fd3a2b71ae8538e946eb2786dc65c2bbc520f692eff
  languageName: node
  linkType: hard

"cross-spawn@npm:^7.0.0":
  version: 7.0.3
  resolution: "cross-spawn@npm:7.0.3"
  dependencies:
    path-key: ^3.1.0
    shebang-command: ^2.0.0
    which: ^2.0.1
  checksum: 671cc7c7288c3a8406f3c69a3ae2fc85555c04169e9d611def9a675635472614f1c0ed0ef80955d5b6d4e724f6ced67f0ad1bb006c2ea643488fcfef994d7f52
  languageName: node
  linkType: hard

"deep-equal@npm:^2.0.5":
  version: 2.1.0
  resolution: "deep-equal@npm:2.1.0"
  dependencies:
    call-bind: ^1.0.2
    es-get-iterator: ^1.1.2
    get-intrinsic: ^1.1.3
    is-arguments: ^1.1.1
    is-date-object: ^1.0.5
    is-regex: ^1.1.4
    isarray: ^2.0.5
    object-is: ^1.1.5
    object-keys: ^1.1.1
    object.assign: ^4.1.4
    regexp.prototype.flags: ^1.4.3
    side-channel: ^1.0.4
    which-boxed-primitive: ^1.0.2
    which-collection: ^1.0.1
    which-typed-array: ^1.1.8
  checksum: a3efc772f14372d2a88bb1e414ab2218cf23cc77673521bbccbb2fc128dd8b6cccfad05eb35b9a8a4669bd7f3ecebaa137beebdf549b7be56c617bd5488ca987
  languageName: node
  linkType: hard

"define-properties@npm:^1.1.3, define-properties@npm:^1.1.4":
  version: 1.1.4
  resolution: "define-properties@npm:1.1.4"
  dependencies:
    has-property-descriptors: ^1.0.0
    object-keys: ^1.1.1
  checksum: ce0aef3f9eb193562b5cfb79b2d2c86b6a109dfc9fdcb5f45d680631a1a908c06824ddcdb72b7573b54e26ace07f0a23420aaba0d5c627b34d2c1de8ef527e2b
  languageName: node
  linkType: hard

"diff@npm:^4.0.1":
  version: 4.0.2
  resolution: "diff@npm:4.0.2"
  checksum: f2c09b0ce4e6b301c221addd83bf3f454c0bc00caa3dd837cf6c127d6edf7223aa2bbe3b688feea110b7f262adbfc845b757c44c8a9f8c0c5b15d8fa9ce9d20d
  languageName: node
  linkType: hard

"ebnf-parser@npm:^0.1.10":
  version: 0.1.10
  resolution: "ebnf-parser@npm:0.1.10"
  checksum: cdce20fcd2ae1e4ba708c25c0d0ddd750c920004a9a053953d6d807db223d06916dd99754239ab0a2e1a314c8bf5b6e8eb5cf9a7b7786ad7af189f06dcb5df0f
  languageName: node
  linkType: hard

"ebnf@npm:^1.9.0":
  version: 1.9.0
  resolution: "ebnf@npm:1.9.0"
  bin:
    ebnf: dist/bin.js
  checksum: a18e616f5f52ad28dcc7ae2749bd4bf81ebe12ad6e98b51ad20077eb066286d4efb5562bd3cd9861965203dde59c392428061e89b4b4df59e96ff92db8f5ceeb
  languageName: node
  linkType: hard

"emoji-regex@npm:^8.0.0":
  version: 8.0.0
  resolution: "emoji-regex@npm:8.0.0"
  checksum: d4c5c39d5a9868b5fa152f00cada8a936868fd3367f33f71be515ecee4c803132d11b31a6222b2571b1e5f7e13890156a94880345594d0ce7e3c9895f560f192
  languageName: node
  linkType: hard

"end-of-stream@npm:^1.1.0":
  version: 1.4.4
  resolution: "end-of-stream@npm:1.4.4"
  dependencies:
    once: ^1.4.0
  checksum: 530a5a5a1e517e962854a31693dbb5c0b2fc40b46dad2a56a2deec656ca040631124f4795823acc68238147805f8b021abbe221f4afed5ef3c8e8efc2024908b
  languageName: node
  linkType: hard

"es-get-iterator@npm:^1.1.2":
  version: 1.1.2
  resolution: "es-get-iterator@npm:1.1.2"
  dependencies:
    call-bind: ^1.0.2
    get-intrinsic: ^1.1.0
    has-symbols: ^1.0.1
    is-arguments: ^1.1.0
    is-map: ^2.0.2
    is-set: ^2.0.2
    is-string: ^1.0.5
    isarray: ^2.0.5
  checksum: f75e66acb6a45686fa08b3ade9c9421a70d36a0c43ed4363e67f4d7aab2226cb73dd977cb48abbaf75721b946d3cd810682fcf310c7ad0867802fbf929b17dcf
  languageName: node
  linkType: hard

"escalade@npm:^3.1.1":
  version: 3.1.1
  resolution: "escalade@npm:3.1.1"
  checksum: a3e2a99f07acb74b3ad4989c48ca0c3140f69f923e56d0cba0526240ee470b91010f9d39001f2a4a313841d237ede70a729e92125191ba5d21e74b106800b133
  languageName: node
  linkType: hard

"execa@npm:^4.0.0":
  version: 4.1.0
  resolution: "execa@npm:4.1.0"
  dependencies:
    cross-spawn: ^7.0.0
    get-stream: ^5.0.0
    human-signals: ^1.1.1
    is-stream: ^2.0.0
    merge-stream: ^2.0.0
    npm-run-path: ^4.0.0
    onetime: ^5.1.0
    signal-exit: ^3.0.2
    strip-final-newline: ^2.0.0
  checksum: e30d298934d9c52f90f3847704fd8224e849a081ab2b517bbc02f5f7732c24e56a21f14cb96a08256deffeb2d12b2b7cb7e2b014a12fb36f8d3357e06417ed55
  languageName: node
  linkType: hard

"flatbuffers@npm:^1.12.0":
  version: 1.12.0
  resolution: "flatbuffers@npm:1.12.0"
  checksum: 8a6461ec80a8f850c623439fbc3d031bac52dfd7dee27fbadf1d850e96fd92cbd782c28bf2a08f2d852a3ac329cc31e2ad21e133ab68993cf0df69d3dd32fd12
  languageName: node
  linkType: hard

"flatbuffers@npm:^2.0.6":
  version: 2.0.7
  resolution: "flatbuffers@npm:2.0.7"
  checksum: 9000946be28ec349095ef7d2a97d1546a80e95f0ed0ccb1947a2b49f8f4d0d13b522588a5dca153b6f423b475dedd6afc9ddb76185a479bdce99eaeaa33805cf
  languageName: node
  linkType: hard

"for-each@npm:^0.3.3":
  version: 0.3.3
  resolution: "for-each@npm:0.3.3"
  dependencies:
    is-callable: ^1.1.3
  checksum: 6c48ff2bc63362319c65e2edca4a8e1e3483a2fabc72fbe7feaf8c73db94fc7861bd53bc02c8a66a0c1dd709da6b04eec42e0abdd6b40ce47305ae92a25e5d28
  languageName: node
  linkType: hard

"function-bind@npm:^1.1.1":
  version: 1.1.1
  resolution: "function-bind@npm:1.1.1"
  checksum: b32fbaebb3f8ec4969f033073b43f5c8befbb58f1a79e12f1d7490358150359ebd92f49e72ff0144f65f2c48ea2a605bff2d07965f548f6474fd8efd95bf361a
  languageName: node
  linkType: hard

"functions-have-names@npm:^1.2.2":
  version: 1.2.3
  resolution: "functions-have-names@npm:1.2.3"
  checksum: c3f1f5ba20f4e962efb71344ce0a40722163e85bee2101ce25f88214e78182d2d2476aa85ef37950c579eb6cf6ee811c17b3101bb84004bb75655f3e33f3fdb5
  languageName: node
  linkType: hard

"get-caller-file@npm:^2.0.5":
  version: 2.0.5
  resolution: "get-caller-file@npm:2.0.5"
  checksum: b9769a836d2a98c3ee734a88ba712e62703f1df31b94b784762c433c27a386dd6029ff55c2a920c392e33657d80191edbf18c61487e198844844516f843496b9
  languageName: node
  linkType: hard

"get-intrinsic@npm:^1.0.2, get-intrinsic@npm:^1.1.0, get-intrinsic@npm:^1.1.1, get-intrinsic@npm:^1.1.3":
  version: 1.1.3
  resolution: "get-intrinsic@npm:1.1.3"
  dependencies:
    function-bind: ^1.1.1
    has: ^1.0.3
    has-symbols: ^1.0.3
  checksum: 152d79e87251d536cf880ba75cfc3d6c6c50e12b3a64e1ea960e73a3752b47c69f46034456eae1b0894359ce3bc64c55c186f2811f8a788b75b638b06fab228a
  languageName: node
  linkType: hard

"get-stream@npm:^5.0.0":
  version: 5.2.0
  resolution: "get-stream@npm:5.2.0"
  dependencies:
    pump: ^3.0.0
  checksum: 8bc1a23174a06b2b4ce600df38d6c98d2ef6d84e020c1ddad632ad75bac4e092eeb40e4c09e0761c35fc2dbc5e7fff5dab5e763a383582c4a167dd69a905bd12
  languageName: node
  linkType: hard

"gopd@npm:^1.0.1":
  version: 1.0.1
  resolution: "gopd@npm:1.0.1"
  dependencies:
    get-intrinsic: ^1.1.3
  checksum: a5ccfb8806e0917a94e0b3de2af2ea4979c1da920bc381667c260e00e7cafdbe844e2cb9c5bcfef4e5412e8bf73bab837285bc35c7ba73aaaf0134d4583393a6
  languageName: node
  linkType: hard

"has-bigints@npm:^1.0.1":
  version: 1.0.2
  resolution: "has-bigints@npm:1.0.2"
  checksum: 390e31e7be7e5c6fe68b81babb73dfc35d413604d7ee5f56da101417027a4b4ce6a27e46eff97ad040c835b5d228676eae99a9b5c3bc0e23c8e81a49241ff45b
  languageName: node
  linkType: hard

"has-property-descriptors@npm:^1.0.0":
  version: 1.0.0
  resolution: "has-property-descriptors@npm:1.0.0"
  dependencies:
    get-intrinsic: ^1.1.1
  checksum: a6d3f0a266d0294d972e354782e872e2fe1b6495b321e6ef678c9b7a06a40408a6891817350c62e752adced73a94ac903c54734fee05bf65b1905ee1368194bb
  languageName: node
  linkType: hard

"has-symbols@npm:^1.0.1, has-symbols@npm:^1.0.2, has-symbols@npm:^1.0.3":
  version: 1.0.3
  resolution: "has-symbols@npm:1.0.3"
  checksum: a054c40c631c0d5741a8285010a0777ea0c068f99ed43e5d6eb12972da223f8af553a455132fdb0801bdcfa0e0f443c0c03a68d8555aa529b3144b446c3f2410
  languageName: node
  linkType: hard

"has-tostringtag@npm:^1.0.0":
  version: 1.0.0
  resolution: "has-tostringtag@npm:1.0.0"
  dependencies:
    has-symbols: ^1.0.2
  checksum: cc12eb28cb6ae22369ebaad3a8ab0799ed61270991be88f208d508076a1e99abe4198c965935ce85ea90b60c94ddda73693b0920b58e7ead048b4a391b502c1c
  languageName: node
  linkType: hard

"has@npm:^1.0.3":
  version: 1.0.3
  resolution: "has@npm:1.0.3"
  dependencies:
    function-bind: ^1.1.1
  checksum: b9ad53d53be4af90ce5d1c38331e712522417d017d5ef1ebd0507e07c2fbad8686fffb8e12ddecd4c39ca9b9b47431afbb975b8abf7f3c3b82c98e9aad052792
  languageName: node
  linkType: hard

"human-signals@npm:^1.1.1":
  version: 1.1.1
  resolution: "human-signals@npm:1.1.1"
  checksum: d587647c9e8ec24e02821b6be7de5a0fc37f591f6c4e319b3054b43fd4c35a70a94c46fc74d8c1a43c47fde157d23acd7421f375e1c1365b09a16835b8300205
  languageName: node
  linkType: hard

"is-arguments@npm:^1.1.0, is-arguments@npm:^1.1.1":
  version: 1.1.1
  resolution: "is-arguments@npm:1.1.1"
  dependencies:
    call-bind: ^1.0.2
    has-tostringtag: ^1.0.0
  checksum: 7f02700ec2171b691ef3e4d0e3e6c0ba408e8434368504bb593d0d7c891c0dbfda6d19d30808b904a6cb1929bca648c061ba438c39f296c2a8ca083229c49f27
  languageName: node
  linkType: hard

"is-bigint@npm:^1.0.1":
  version: 1.0.4
  resolution: "is-bigint@npm:1.0.4"
  dependencies:
    has-bigints: ^1.0.1
  checksum: c56edfe09b1154f8668e53ebe8252b6f185ee852a50f9b41e8d921cb2bed425652049fbe438723f6cb48a63ca1aa051e948e7e401e093477c99c84eba244f666
  languageName: node
  linkType: hard

"is-boolean-object@npm:^1.1.0":
  version: 1.1.2
  resolution: "is-boolean-object@npm:1.1.2"
  dependencies:
    call-bind: ^1.0.2
    has-tostringtag: ^1.0.0
  checksum: c03b23dbaacadc18940defb12c1c0e3aaece7553ef58b162a0f6bba0c2a7e1551b59f365b91e00d2dbac0522392d576ef322628cb1d036a0fe51eb466db67222
  languageName: node
  linkType: hard

"is-callable@npm:^1.1.3":
  version: 1.2.7
  resolution: "is-callable@npm:1.2.7"
  checksum: 61fd57d03b0d984e2ed3720fb1c7a897827ea174bd44402878e059542ea8c4aeedee0ea0985998aa5cc2736b2fa6e271c08587addb5b3959ac52cf665173d1ac
  languageName: node
  linkType: hard

"is-date-object@npm:^1.0.5":
  version: 1.0.5
  resolution: "is-date-object@npm:1.0.5"
  dependencies:
    has-tostringtag: ^1.0.0
  checksum: baa9077cdf15eb7b58c79398604ca57379b2fc4cf9aa7a9b9e295278648f628c9b201400c01c5e0f7afae56507d741185730307cbe7cad3b9f90a77e5ee342fc
  languageName: node
  linkType: hard

"is-fullwidth-code-point@npm:^3.0.0":
  version: 3.0.0
  resolution: "is-fullwidth-code-point@npm:3.0.0"
  checksum: 44a30c29457c7fb8f00297bce733f0a64cd22eca270f83e58c105e0d015e45c019491a4ab2faef91ab51d4738c670daff901c799f6a700e27f7314029e99e348
  languageName: node
  linkType: hard

"is-map@npm:^2.0.1, is-map@npm:^2.0.2":
  version: 2.0.2
  resolution: "is-map@npm:2.0.2"
  checksum: ace3d0ecd667bbdefdb1852de601268f67f2db725624b1958f279316e13fecb8fa7df91fd60f690d7417b4ec180712f5a7ee967008e27c65cfd475cc84337728
  languageName: node
  linkType: hard

"is-number-object@npm:^1.0.4":
  version: 1.0.7
  resolution: "is-number-object@npm:1.0.7"
  dependencies:
    has-tostringtag: ^1.0.0
  checksum: d1e8d01bb0a7134c74649c4e62da0c6118a0bfc6771ea3c560914d52a627873e6920dd0fd0ebc0e12ad2ff4687eac4c308f7e80320b973b2c8a2c8f97a7524f7
  languageName: node
  linkType: hard

"is-regex@npm:^1.1.4":
  version: 1.1.4
  resolution: "is-regex@npm:1.1.4"
  dependencies:
    call-bind: ^1.0.2
    has-tostringtag: ^1.0.0
  checksum: 362399b33535bc8f386d96c45c9feb04cf7f8b41c182f54174c1a45c9abbbe5e31290bbad09a458583ff6bf3b2048672cdb1881b13289569a7c548370856a652
  languageName: node
  linkType: hard

"is-set@npm:^2.0.1, is-set@npm:^2.0.2":
  version: 2.0.2
  resolution: "is-set@npm:2.0.2"
  checksum: b64343faf45e9387b97a6fd32be632ee7b269bd8183701f3b3f5b71a7cf00d04450ed8669d0bd08753e08b968beda96fca73a10fd0ff56a32603f64deba55a57
  languageName: node
  linkType: hard

"is-stream@npm:^2.0.0":
  version: 2.0.1
  resolution: "is-stream@npm:2.0.1"
  checksum: b8e05ccdf96ac330ea83c12450304d4a591f9958c11fd17bed240af8d5ffe08aedafa4c0f4cfccd4d28dc9d4d129daca1023633d5c11601a6cbc77521f6fae66
  languageName: node
  linkType: hard

"is-string@npm:^1.0.5":
  version: 1.0.7
  resolution: "is-string@npm:1.0.7"
  dependencies:
    has-tostringtag: ^1.0.0
  checksum: 323b3d04622f78d45077cf89aab783b2f49d24dc641aa89b5ad1a72114cfeff2585efc8c12ef42466dff32bde93d839ad321b26884cf75e5a7892a938b089989
  languageName: node
  linkType: hard

"is-symbol@npm:^1.0.3":
  version: 1.0.4
  resolution: "is-symbol@npm:1.0.4"
  dependencies:
    has-symbols: ^1.0.2
  checksum: 92805812ef590738d9de49d677cd17dfd486794773fb6fa0032d16452af46e9b91bb43ffe82c983570f015b37136f4b53b28b8523bfb10b0ece7a66c31a54510
  languageName: node
  linkType: hard

"is-typed-array@npm:^1.1.10":
  version: 1.1.10
  resolution: "is-typed-array@npm:1.1.10"
  dependencies:
    available-typed-arrays: ^1.0.5
    call-bind: ^1.0.2
    for-each: ^0.3.3
    gopd: ^1.0.1
    has-tostringtag: ^1.0.0
  checksum: aac6ecb59d4c56a1cdeb69b1f129154ef462bbffe434cb8a8235ca89b42f258b7ae94073c41b3cb7bce37f6a1733ad4499f07882d5d5093a7ba84dfc4ebb8017
  languageName: node
  linkType: hard

"is-weakmap@npm:^2.0.1":
  version: 2.0.1
  resolution: "is-weakmap@npm:2.0.1"
  checksum: 1222bb7e90c32bdb949226e66d26cb7bce12e1e28e3e1b40bfa6b390ba3e08192a8664a703dff2a00a84825f4e022f9cd58c4599ff9981ab72b1d69479f4f7f6
  languageName: node
  linkType: hard

"is-weakset@npm:^2.0.1":
  version: 2.0.2
  resolution: "is-weakset@npm:2.0.2"
  dependencies:
    call-bind: ^1.0.2
    get-intrinsic: ^1.1.1
  checksum: 5d8698d1fa599a0635d7ca85be9c26d547b317ed8fd83fc75f03efbe75d50001b5eececb1e9971de85fcde84f69ae6f8346bc92d20d55d46201d328e4c74a367
  languageName: node
  linkType: hard

"isarray@npm:^2.0.5":
  version: 2.0.5
  resolution: "isarray@npm:2.0.5"
  checksum: bd5bbe4104438c4196ba58a54650116007fa0262eccef13a4c55b2e09a5b36b59f1e75b9fcc49883dd9d4953892e6fc007eef9e9155648ceea036e184b0f930a
  languageName: node
  linkType: hard

"isexe@npm:^2.0.0":
  version: 2.0.0
  resolution: "isexe@npm:2.0.0"
  checksum: 26bf6c5480dda5161c820c5b5c751ae1e766c587b1f951ea3fcfc973bafb7831ae5b54a31a69bd670220e42e99ec154475025a468eae58ea262f813fdc8d1c62
  languageName: node
  linkType: hard

"make-error@npm:^1.1.1":
  version: 1.3.6
  resolution: "make-error@npm:1.3.6"
  checksum: b86e5e0e25f7f777b77fabd8e2cbf15737972869d852a22b7e73c17623928fccb826d8e46b9951501d3f20e51ad74ba8c59ed584f610526a48f8ccf88aaec402
  languageName: node
  linkType: hard

"merge-stream@npm:^2.0.0":
  version: 2.0.0
  resolution: "merge-stream@npm:2.0.0"
  checksum: 6fa4dcc8d86629705cea944a4b88ef4cb0e07656ebf223fa287443256414283dd25d91c1cd84c77987f2aec5927af1a9db6085757cb43d90eb170ebf4b47f4f4
  languageName: node
  linkType: hard

"mimic-fn@npm:^2.1.0":
  version: 2.1.0
  resolution: "mimic-fn@npm:2.1.0"
  checksum: d2421a3444848ce7f84bd49115ddacff29c15745db73f54041edc906c14b131a38d05298dae3081667627a59b2eb1ca4b436ff2e1b80f69679522410418b478a
  languageName: node
  linkType: hard

"npm-run-path@npm:^4.0.0":
  version: 4.0.1
  resolution: "npm-run-path@npm:4.0.1"
  dependencies:
    path-key: ^3.0.0
  checksum: 5374c0cea4b0bbfdfae62da7bbdf1e1558d338335f4cacf2515c282ff358ff27b2ecb91ffa5330a8b14390ac66a1e146e10700440c1ab868208430f56b5f4d23
  languageName: node
  linkType: hard

"object-inspect@npm:^1.9.0":
  version: 1.12.2
  resolution: "object-inspect@npm:1.12.2"
  checksum: a534fc1b8534284ed71f25ce3a496013b7ea030f3d1b77118f6b7b1713829262be9e6243acbcb3ef8c626e2b64186112cb7f6db74e37b2789b9c789ca23048b2
  languageName: node
  linkType: hard

"object-is@npm:^1.1.5":
  version: 1.1.5
  resolution: "object-is@npm:1.1.5"
  dependencies:
    call-bind: ^1.0.2
    define-properties: ^1.1.3
  checksum: 989b18c4cba258a6b74dc1d74a41805c1a1425bce29f6cabb50dcb1a6a651ea9104a1b07046739a49a5bb1bc49727bcb00efd5c55f932f6ea04ec8927a7901fe
  languageName: node
  linkType: hard

"object-keys@npm:^1.1.1":
  version: 1.1.1
  resolution: "object-keys@npm:1.1.1"
  checksum: b363c5e7644b1e1b04aa507e88dcb8e3a2f52b6ffd0ea801e4c7a62d5aa559affe21c55a07fd4b1fd55fc03a33c610d73426664b20032405d7b92a1414c34d6a
  languageName: node
  linkType: hard

"object.assign@npm:^4.1.4":
  version: 4.1.4
  resolution: "object.assign@npm:4.1.4"
  dependencies:
    call-bind: ^1.0.2
    define-properties: ^1.1.4
    has-symbols: ^1.0.3
    object-keys: ^1.1.1
  checksum: 76cab513a5999acbfe0ff355f15a6a125e71805fcf53de4e9d4e082e1989bdb81d1e329291e1e4e0ae7719f0e4ef80e88fb2d367ae60500d79d25a6224ac8864
  languageName: node
  linkType: hard

"once@npm:^1.3.1, once@npm:^1.4.0":
  version: 1.4.0
  resolution: "once@npm:1.4.0"
  dependencies:
    wrappy: 1
  checksum: cd0a88501333edd640d95f0d2700fbde6bff20b3d4d9bdc521bdd31af0656b5706570d6c6afe532045a20bb8dc0849f8332d6f2a416e0ba6d3d3b98806c7db68
  languageName: node
  linkType: hard

"onetime@npm:^5.1.0":
  version: 5.1.2
  resolution: "onetime@npm:5.1.2"
  dependencies:
    mimic-fn: ^2.1.0
  checksum: 2478859ef817fc5d4e9c2f9e5728512ddd1dbc9fb7829ad263765bb6d3b91ce699d6e2332eef6b7dff183c2f490bd3349f1666427eaba4469fba0ac38dfd0d34
  languageName: node
  linkType: hard

"path-key@npm:^3.0.0, path-key@npm:^3.1.0":
  version: 3.1.1
  resolution: "path-key@npm:3.1.1"
  checksum: 55cd7a9dd4b343412a8386a743f9c746ef196e57c823d90ca3ab917f90ab9f13dd0ded27252ba49dbdfcab2b091d998bc446f6220cd3cea65db407502a740020
  languageName: node
  linkType: hard

"pegjs@npm:^0.10.0":
  version: 0.10.0
  resolution: "pegjs@npm:0.10.0"
  bin:
    pegjs: bin/pegjs
  checksum: 65d184ca0e1823ec0a3e7f384d7fd771bcbbc7abf460c82c9704022c1fa325425dc9007c92982b951879c3c9d4c39bf5cd6d99690e0540ff5016c04ca1ecd17e
  languageName: node
  linkType: hard

"pump@npm:^3.0.0":
  version: 3.0.0
  resolution: "pump@npm:3.0.0"
  dependencies:
    end-of-stream: ^1.1.0
    once: ^1.3.1
  checksum: e42e9229fba14732593a718b04cb5e1cfef8254544870997e0ecd9732b189a48e1256e4e5478148ecb47c8511dca2b09eae56b4d0aad8009e6fac8072923cfc9
  languageName: node
  linkType: hard

"regexp.prototype.flags@npm:^1.4.3":
  version: 1.4.3
  resolution: "regexp.prototype.flags@npm:1.4.3"
  dependencies:
    call-bind: ^1.0.2
    define-properties: ^1.1.3
    functions-have-names: ^1.2.2
  checksum: 51228bae732592adb3ededd5e15426be25f289e9c4ef15212f4da73f4ec3919b6140806374b8894036a86020d054a8d2657d3fee6bb9b4d35d8939c20030b7a6
  languageName: node
  linkType: hard

"require-directory@npm:^2.1.1":
  version: 2.1.1
  resolution: "require-directory@npm:2.1.1"
  checksum: fb47e70bf0001fdeabdc0429d431863e9475e7e43ea5f94ad86503d918423c1543361cc5166d713eaa7029dd7a3d34775af04764bebff99ef413111a5af18c80
  languageName: node
  linkType: hard

"shebang-command@npm:^2.0.0":
  version: 2.0.0
  resolution: "shebang-command@npm:2.0.0"
  dependencies:
    shebang-regex: ^3.0.0
  checksum: 6b52fe87271c12968f6a054e60f6bde5f0f3d2db483a1e5c3e12d657c488a15474121a1d55cd958f6df026a54374ec38a4a963988c213b7570e1d51575cea7fa
  languageName: node
  linkType: hard

"shebang-regex@npm:^3.0.0":
  version: 3.0.0
  resolution: "shebang-regex@npm:3.0.0"
  checksum: 1a2bcae50de99034fcd92ad4212d8e01eedf52c7ec7830eedcf886622804fe36884278f2be8be0ea5fde3fd1c23911643a4e0f726c8685b61871c8908af01222
  languageName: node
  linkType: hard

"side-channel@npm:^1.0.4":
  version: 1.0.4
  resolution: "side-channel@npm:1.0.4"
  dependencies:
    call-bind: ^1.0.0
    get-intrinsic: ^1.0.2
    object-inspect: ^1.9.0
  checksum: 351e41b947079c10bd0858364f32bb3a7379514c399edb64ab3dce683933483fc63fb5e4efe0a15a2e8a7e3c436b6a91736ddb8d8c6591b0460a24bb4a1ee245
  languageName: node
  linkType: hard

"signal-exit@npm:^3.0.2":
  version: 3.0.7
  resolution: "signal-exit@npm:3.0.7"
  checksum: a2f098f247adc367dffc27845853e9959b9e88b01cb301658cfe4194352d8d2bb32e18467c786a7fe15f1d44b233ea35633d076d5e737870b7139949d1ab6318
  languageName: node
  linkType: hard

"solarxr-protocol@workspace:.":
  version: 0.0.0-use.local
  resolution: "solarxr-protocol@workspace:."
  dependencies:
    "@mgit-at/typescript-flatbuffers-codegen": ^0.1.3
    flatbuffers: ^2.0.6
    typescript: ^4.6.3
  languageName: unknown
  linkType: soft

"source-map-support@npm:^0.5.17":
  version: 0.5.21
  resolution: "source-map-support@npm:0.5.21"
  dependencies:
    buffer-from: ^1.0.0
    source-map: ^0.6.0
  checksum: 43e98d700d79af1d36f859bdb7318e601dfc918c7ba2e98456118ebc4c4872b327773e5a1df09b0524e9e5063bb18f0934538eace60cca2710d1fa687645d137
  languageName: node
  linkType: hard

"source-map@npm:^0.6.0":
  version: 0.6.1
  resolution: "source-map@npm:0.6.1"
  checksum: 59ce8640cf3f3124f64ac289012c2b8bd377c238e316fb323ea22fbfe83da07d81e000071d7242cad7a23cd91c7de98e4df8830ec3f133cb6133a5f6e9f67bc2
  languageName: node
  linkType: hard

"string-width@npm:^4.1.0, string-width@npm:^4.2.0":
  version: 4.2.3
  resolution: "string-width@npm:4.2.3"
  dependencies:
    emoji-regex: ^8.0.0
    is-fullwidth-code-point: ^3.0.0
    strip-ansi: ^6.0.1
  checksum: e52c10dc3fbfcd6c3a15f159f54a90024241d0f149cf8aed2982a2d801d2e64df0bf1dc351cf8e95c3319323f9f220c16e740b06faecd53e2462df1d2b5443fb
  languageName: node
  linkType: hard

"strip-ansi@npm:^6.0.0, strip-ansi@npm:^6.0.1":
  version: 6.0.1
  resolution: "strip-ansi@npm:6.0.1"
  dependencies:
    ansi-regex: ^5.0.1
  checksum: f3cd25890aef3ba6e1a74e20896c21a46f482e93df4a06567cebf2b57edabb15133f1f94e57434e0a958d61186087b1008e89c94875d019910a213181a14fc8c
  languageName: node
  linkType: hard

"strip-final-newline@npm:^2.0.0":
  version: 2.0.0
  resolution: "strip-final-newline@npm:2.0.0"
  checksum: 69412b5e25731e1938184b5d489c32e340605bb611d6140344abc3421b7f3c6f9984b21dff296dfcf056681b82caa3bb4cc996a965ce37bcfad663e92eae9c64
  languageName: node
  linkType: hard

"ts-node@npm:^9.1.1":
  version: 9.1.1
  resolution: "ts-node@npm:9.1.1"
  dependencies:
    arg: ^4.1.0
    create-require: ^1.1.0
    diff: ^4.0.1
    make-error: ^1.1.1
    source-map-support: ^0.5.17
    yn: 3.1.1
  peerDependencies:
    typescript: ">=2.7"
  bin:
    ts-node: dist/bin.js
    ts-node-script: dist/bin-script.js
    ts-node-transpile-only: dist/bin-transpile.js
    ts-script: dist/bin-script-deprecated.js
  checksum: 356e2647b8b1e6ab00380c0537fa569b63bd9b6f006cc40fd650f81fae1817bd8fecc075300036950d8f45c1d85b95be33cd1e48a1a424a7d86c3dbb42bf60e5
  languageName: node
  linkType: hard

"typescript@npm:^4.1.5, typescript@npm:^4.6.3":
  version: 4.8.4
  resolution: "typescript@npm:4.8.4"
  bin:
    tsc: bin/tsc
    tsserver: bin/tsserver
  checksum: 3e4f061658e0c8f36c820802fa809e0fd812b85687a9a2f5430bc3d0368e37d1c9605c3ce9b39df9a05af2ece67b1d844f9f6ea8ff42819f13bcb80f85629af0
  languageName: node
  linkType: hard

"typescript@patch:typescript@^4.1.5#~builtin<compat/typescript>, typescript@patch:typescript@^4.6.3#~builtin<compat/typescript>":
  version: 4.8.4
  resolution: "typescript@patch:typescript@npm%3A4.8.4#~builtin<compat/typescript>::version=4.8.4&hash=701156"
  bin:
    tsc: bin/tsc
    tsserver: bin/tsserver
  checksum: 301459fc3eb3b1a38fe91bf96d98eb55da88a9cb17b4ef80b4d105d620f4d547ba776cc27b44cc2ef58b66eda23fe0a74142feb5e79a6fb99f54fc018a696afa
  languageName: node
  linkType: hard

"which-boxed-primitive@npm:^1.0.2":
  version: 1.0.2
  resolution: "which-boxed-primitive@npm:1.0.2"
  dependencies:
    is-bigint: ^1.0.1
    is-boolean-object: ^1.1.0
    is-number-object: ^1.0.4
    is-string: ^1.0.5
    is-symbol: ^1.0.3
  checksum: 53ce774c7379071729533922adcca47220228405e1895f26673bbd71bdf7fb09bee38c1d6399395927c6289476b5ae0629863427fd151491b71c4b6cb04f3a5e
  languageName: node
  linkType: hard

"which-collection@npm:^1.0.1":
  version: 1.0.1
  resolution: "which-collection@npm:1.0.1"
  dependencies:
    is-map: ^2.0.1
    is-set: ^2.0.1
    is-weakmap: ^2.0.1
    is-weakset: ^2.0.1
  checksum: c815bbd163107ef9cb84f135e6f34453eaf4cca994e7ba85ddb0d27cea724c623fae2a473ceccfd5549c53cc65a5d82692de418166df3f858e1e5dc60818581c
  languageName: node
  linkType: hard

"which-typed-array@npm:^1.1.8":
  version: 1.1.9
  resolution: "which-typed-array@npm:1.1.9"
  dependencies:
    available-typed-arrays: ^1.0.5
    call-bind: ^1.0.2
    for-each: ^0.3.3
    gopd: ^1.0.1
    has-tostringtag: ^1.0.0
    is-typed-array: ^1.1.10
  checksum: fe0178ca44c57699ca2c0e657b64eaa8d2db2372a4e2851184f568f98c478ae3dc3fdb5f7e46c384487046b0cf9e23241423242b277e03e8ba3dabc7c84c98ef
  languageName: node
  linkType: hard

"which@npm:^2.0.1":
  version: 2.0.2
  resolution: "which@npm:2.0.2"
  dependencies:
    isexe: ^2.0.0
  bin:
    node-which: ./bin/node-which
  checksum: 1a5c563d3c1b52d5f893c8b61afe11abc3bab4afac492e8da5bde69d550de701cf9806235f20a47b5c8fa8a1d6a9135841de2596535e998027a54589000e66d1
  languageName: node
  linkType: hard

"wrap-ansi@npm:^7.0.0":
  version: 7.0.0
  resolution: "wrap-ansi@npm:7.0.0"
  dependencies:
    ansi-styles: ^4.0.0
    string-width: ^4.1.0
    strip-ansi: ^6.0.0
  checksum: a790b846fd4505de962ba728a21aaeda189b8ee1c7568ca5e817d85930e06ef8d1689d49dbf0e881e8ef84436af3a88bc49115c2e2788d841ff1b8b5b51a608b
  languageName: node
  linkType: hard

"wrappy@npm:1":
  version: 1.0.2
  resolution: "wrappy@npm:1.0.2"
  checksum: 159da4805f7e84a3d003d8841557196034155008f817172d4e986bd591f74aa82aa7db55929a54222309e01079a65a92a9e6414da5a6aa4b01ee44a511ac3ee5
  languageName: node
  linkType: hard

"y18n@npm:^5.0.5":
  version: 5.0.8
  resolution: "y18n@npm:5.0.8"
  checksum: 54f0fb95621ee60898a38c572c515659e51cc9d9f787fb109cef6fde4befbe1c4602dc999d30110feee37456ad0f1660fa2edcfde6a9a740f86a290999550d30
  languageName: node
  linkType: hard

"yargs-parser@npm:^20.2.2":
  version: 20.2.9
  resolution: "yargs-parser@npm:20.2.9"
  checksum: 8bb69015f2b0ff9e17b2c8e6bfe224ab463dd00ca211eece72a4cd8a906224d2703fb8a326d36fdd0e68701e201b2a60ed7cf81ce0fd9b3799f9fe7745977ae3
  languageName: node
  linkType: hard

"yargs@npm:^16.2.0":
  version: 16.2.0
  resolution: "yargs@npm:16.2.0"
  dependencies:
    cliui: ^7.0.2
    escalade: ^3.1.1
    get-caller-file: ^2.0.5
    require-directory: ^2.1.1
    string-width: ^4.2.0
    y18n: ^5.0.5
    yargs-parser: ^20.2.2
  checksum: b14afbb51e3251a204d81937c86a7e9d4bdbf9a2bcee38226c900d00f522969ab675703bee2a6f99f8e20103f608382936034e64d921b74df82b63c07c5e8f59
  languageName: node
  linkType: hard

"yn@npm:3.1.1":
  version: 3.1.1
  resolution: "yn@npm:3.1.1"
  checksum: 2c487b0e149e746ef48cda9f8bad10fc83693cd69d7f9dcd8be4214e985de33a29c9e24f3c0d6bcf2288427040a8947406ab27f7af67ee9456e6b84854f02dd6
  languageName: node
  linkType: hard
